
Microsoft Visual Studio Solution File, Format Version 12.00
# Visual Studio 15
VisualStudioVersion = 15.0.28307.572
MinimumVisualStudioVersion = 10.0.40219.1
Project("{FAE04EC0-301F-11D3-BF4B-00C04F79EFBC}") = "SignalRAlerting", "SignalRAlerting\SignalRAlerting.csproj", "{CACC6808-FCB5-49E0-BDBD-ECCA6B27FFA5}"
EndProject
Project("{FAE04EC0-301F-11D3-BF4B-00C04F79EFBC}") = "SignalRTestClient", "SignalRTestClient\SignalRTestClient.csproj", "{004C2C39-F200-485A-AB52-175674E1201F}"
EndProject
Global
	GlobalSection(SolutionConfigurationPlatforms) = preSolution
		Debug|Any CPU = Debug|Any CPU
		Release|Any CPU = Release|Any CPU
	EndGlobalSection
	GlobalSection(ProjectConfigurationPlatforms) = postSolution
		{CACC6808-FCB5-49E0-BDBD-ECCA6B27FFA5}.Debug|Any CPU.ActiveCfg = Debug|Any CPU
		{CACC6808-FCB5-49E0-BDBD-ECCA6B27FFA5}.Debug|Any CPU.Build.0 = Debug|Any CPU
		{CACC6808-FCB5-49E0-BDBD-ECCA6B27FFA5}.Release|Any CPU.ActiveCfg = Release|Any CPU
		{CACC6808-FCB5-49E0-BDBD-ECCA6B27FFA5}.Release|Any CPU.Build.0 = Release|Any CPU
		{004C2C39-F200-485A-AB52-175674E1201F}.Debug|Any CPU.ActiveCfg = Debug|Any CPU
		{004C2C39-F200-485A-AB52-175674E1201F}.Debug|Any CPU.Build.0 = Debug|Any CPU
		{004C2C39-F200-485A-AB52-175674E1201F}.Release|Any CPU.ActiveCfg = Release|Any CPU
		{004C2C39-F200-485A-AB52-175674E1201F}.Release|Any CPU.Build.0 = Release|Any CPU
	EndGlobalSection
	GlobalSection(SolutionProperties) = preSolution
		HideSolutionNode = FALSE
	EndGlobalSection
	GlobalSection(ExtensibilityGlobals) = postSolution
		SolutionGuid = {0ECE155A-D6E0-456E-8FE4-7F3BA28D4D6C}
	EndGlobalSection
EndGlobal
